// !$*UTF8*$!
{
	archiveVersion = 1;
	classes = {
	};
	objectVersion = 46;
	objects = {

/* Begin PBXBuildFile section */
		582369A61E305BC40039E26D /* shamir.c in Sources */ = {isa = PBXBuildFile; fileRef = 582369A41E305BC40039E26D /* shamir.c */; };
		582369A71E305BC40039E26D /* shamir.h in Headers */ = {isa = PBXBuildFile; fileRef = 582369A51E305BC40039E26D /* shamir.h */; };
		58872ADA1E2F055200FABEF2 /* gmp-iPhoneOS.h in Headers */ = {isa = PBXBuildFile; fileRef = 58872ACB1E2F055200FABEF2 /* gmp-iPhoneOS.h */; };
		58872ADB1E2F055200FABEF2 /* gmp-iPhoneSimulator.h in Headers */ = {isa = PBXBuildFile; fileRef = 58872ACC1E2F055200FABEF2 /* gmp-iPhoneSimulator.h */; };
		58872ADC1E2F055200FABEF2 /* gmp-MacOSX.h in Headers */ = {isa = PBXBuildFile; fileRef = 58872ACD1E2F055200FABEF2 /* gmp-MacOSX.h */; };
		58872ADD1E2F055200FABEF2 /* gmp.h in Headers */ = {isa = PBXBuildFile; fileRef = 58872ACE1E2F055200FABEF2 /* gmp.h */; };
		58872AE41E2F066C00FABEF2 /* libgmp.a in Frameworks */ = {isa = PBXBuildFile; fileRef = 58872AD01E2F055200FABEF2 /* libgmp.a */; };
		58872AE51E2F066E00FABEF2 /* libgmp.a in Frameworks */ = {isa = PBXBuildFile; fileRef = 58872AD21E2F055200FABEF2 /* libgmp.a */; };
		58872AE61E2F067100FABEF2 /* libgmp.a in Frameworks */ = {isa = PBXBuildFile; fileRef = 58872AD41E2F055200FABEF2 /* libgmp.a */; };
		58872AE81E2F088500FABEF2 /* Extensions.swift in Sources */ = {isa = PBXBuildFile; fileRef = 58872AE71E2F088500FABEF2 /* Extensions.swift */; };
		58BF5D9A1E2C9E9600AF7E85 /* ShamirSecretSharing.framework in Frameworks */ = {isa = PBXBuildFile; fileRef = 58BF5D901E2C9E9600AF7E85 /* ShamirSecretSharing.framework */; };
		58BF5D9F1E2C9E9600AF7E85 /* ShamirSecretSharingTests.swift in Sources */ = {isa = PBXBuildFile; fileRef = 58BF5D9E1E2C9E9600AF7E85 /* ShamirSecretSharingTests.swift */; };
		58BF5DA11E2C9E9600AF7E85 /* ShamirSecretSharing.h in Headers */ = {isa = PBXBuildFile; fileRef = 58BF5D931E2C9E9600AF7E85 /* ShamirSecretSharing.h */; settings = {ATTRIBUTES = (Public, ); }; };
		58BF7D7E1E2CDB8600AF7E85 /* ShamirSecretSharing.swift in Sources */ = {isa = PBXBuildFile; fileRef = 58BF7D7D1E2CDB8600AF7E85 /* ShamirSecretSharing.swift */; };
/* End PBXBuildFile section */

/* Begin PBXContainerItemProxy section */
		58BF5D9B1E2C9E9600AF7E85 /* PBXContainerItemProxy */ = {
			isa = PBXContainerItemProxy;
			containerPortal = 58BF5D871E2C9E9600AF7E85 /* Project object */;
			proxyType = 1;
			remoteGlobalIDString = 58BF5D8F1E2C9E9600AF7E85;
			remoteInfo = ShamirSecretSharing;
		};
/* End PBXContainerItemProxy section */

/* Begin PBXFileReference section */
		582369A41E305BC40039E26D /* shamir.c */ = {isa = PBXFileReference; fileEncoding = 4; lastKnownFileType = sourcecode.c.c; path = shamir.c; sourceTree = "<group>"; };
		582369A51E305BC40039E26D /* shamir.h */ = {isa = PBXFileReference; fileEncoding = 4; lastKnownFileType = sourcecode.c.h; path = shamir.h; sourceTree = "<group>"; };
		58872ACB1E2F055200FABEF2 /* gmp-iPhoneOS.h */ = {isa = PBXFileReference; fileEncoding = 4; lastKnownFileType = sourcecode.c.h; path = "gmp-iPhoneOS.h"; sourceTree = "<group>"; };
		58872ACC1E2F055200FABEF2 /* gmp-iPhoneSimulator.h */ = {isa = PBXFileReference; fileEncoding = 4; lastKnownFileType = sourcecode.c.h; path = "gmp-iPhoneSimulator.h"; sourceTree = "<group>"; };
		58872ACD1E2F055200FABEF2 /* gmp-MacOSX.h */ = {isa = PBXFileReference; fileEncoding = 4; lastKnownFileType = sourcecode.c.h; path = "gmp-MacOSX.h"; sourceTree = "<group>"; };
		58872ACE1E2F055200FABEF2 /* gmp.h */ = {isa = PBXFileReference; fileEncoding = 4; lastKnownFileType = sourcecode.c.h; path = gmp.h; sourceTree = "<group>"; };
		58872AD01E2F055200FABEF2 /* libgmp.a */ = {isa = PBXFileReference; lastKnownFileType = archive.ar; path = libgmp.a; sourceTree = "<group>"; };
		58872AD21E2F055200FABEF2 /* libgmp.a */ = {isa = PBXFileReference; lastKnownFileType = archive.ar; path = libgmp.a; sourceTree = "<group>"; };
		58872AD41E2F055200FABEF2 /* libgmp.a */ = {isa = PBXFileReference; lastKnownFileType = archive.ar; path = libgmp.a; sourceTree = "<group>"; };
		58872AD61E2F055200FABEF2 /* module.map */ = {isa = PBXFileReference; fileEncoding = 4; lastKnownFileType = "sourcecode.module-map"; path = module.map; sourceTree = "<group>"; };
		58872AE71E2F088500FABEF2 /* Extensions.swift */ = {isa = PBXFileReference; fileEncoding = 4; lastKnownFileType = sourcecode.swift; path = Extensions.swift; sourceTree = "<group>"; };
		58BF5D901E2C9E9600AF7E85 /* ShamirSecretSharing.framework */ = {isa = PBXFileReference; explicitFileType = wrapper.framework; includeInIndex = 0; path = ShamirSecretSharing.framework; sourceTree = BUILT_PRODUCTS_DIR; };
		58BF5D931E2C9E9600AF7E85 /* ShamirSecretSharing.h */ = {isa = PBXFileReference; lastKnownFileType = sourcecode.c.h; path = ShamirSecretSharing.h; sourceTree = "<group>"; };
		58BF5D941E2C9E9600AF7E85 /* Info.plist */ = {isa = PBXFileReference; lastKnownFileType = text.plist.xml; path = Info.plist; sourceTree = "<group>"; };
		58BF5D991E2C9E9600AF7E85 /* ShamirSecretSharingTests.xctest */ = {isa = PBXFileReference; explicitFileType = wrapper.cfbundle; includeInIndex = 0; path = ShamirSecretSharingTests.xctest; sourceTree = BUILT_PRODUCTS_DIR; };
		58BF5D9E1E2C9E9600AF7E85 /* ShamirSecretSharingTests.swift */ = {isa = PBXFileReference; lastKnownFileType = sourcecode.swift; path = ShamirSecretSharingTests.swift; sourceTree = "<group>"; };
		58BF5DA01E2C9E9600AF7E85 /* Info.plist */ = {isa = PBXFileReference; lastKnownFileType = text.plist.xml; path = Info.plist; sourceTree = "<group>"; };
		58BF7D7D1E2CDB8600AF7E85 /* ShamirSecretSharing.swift */ = {isa = PBXFileReference; fileEncoding = 4; lastKnownFileType = sourcecode.swift; path = ShamirSecretSharing.swift; sourceTree = "<group>"; };
/* End PBXFileReference section */

/* Begin PBXFrameworksBuildPhase section */
		58BF5D8C1E2C9E9600AF7E85 /* Frameworks */ = {
			isa = PBXFrameworksBuildPhase;
			buildActionMask = 2147483647;
			files = (
				58872AE41E2F066C00FABEF2 /* libgmp.a in Frameworks */,
				58872AE51E2F066E00FABEF2 /* libgmp.a in Frameworks */,
				58872AE61E2F067100FABEF2 /* libgmp.a in Frameworks */,
			);
			runOnlyForDeploymentPostprocessing = 0;
		};
		58BF5D961E2C9E9600AF7E85 /* Frameworks */ = {
			isa = PBXFrameworksBuildPhase;
			buildActionMask = 2147483647;
			files = (
				58BF5D9A1E2C9E9600AF7E85 /* ShamirSecretSharing.framework in Frameworks */,
			);
			runOnlyForDeploymentPostprocessing = 0;
		};
/* End PBXFrameworksBuildPhase section */

/* Begin PBXGroup section */
		58872AC81E2F055200FABEF2 /* CSSSS */ = {
			isa = PBXGroup;
			children = (
				582369A41E305BC40039E26D /* shamir.c */,
				582369A51E305BC40039E26D /* shamir.h */,
				58872ACA1E2F055200FABEF2 /* GMPLib */,
				58872AD61E2F055200FABEF2 /* module.map */,
			);
			path = CSSSS;
			sourceTree = "<group>";
		};
		58872ACA1E2F055200FABEF2 /* GMPLib */ = {
			isa = PBXGroup;
			children = (
				58872ACB1E2F055200FABEF2 /* gmp-iPhoneOS.h */,
				58872ACC1E2F055200FABEF2 /* gmp-iPhoneSimulator.h */,
				58872ACD1E2F055200FABEF2 /* gmp-MacOSX.h */,
				58872ACE1E2F055200FABEF2 /* gmp.h */,
				58872ACF1E2F055200FABEF2 /* iphoneos */,
				58872AD11E2F055200FABEF2 /* iphonesimulator */,
				58872AD31E2F055200FABEF2 /* macosx */,
			);
			path = GMPLib;
			sourceTree = "<group>";
		};
		58872ACF1E2F055200FABEF2 /* iphoneos */ = {
			isa = PBXGroup;
			children = (
				58872AD01E2F055200FABEF2 /* libgmp.a */,
			);
			path = iphoneos;
			sourceTree = "<group>";
		};
		58872AD11E2F055200FABEF2 /* iphonesimulator */ = {
			isa = PBXGroup;
			children = (
				58872AD21E2F055200FABEF2 /* libgmp.a */,
			);
			path = iphonesimulator;
			sourceTree = "<group>";
		};
		58872AD31E2F055200FABEF2 /* macosx */ = {
			isa = PBXGroup;
			children = (
				58872AD41E2F055200FABEF2 /* libgmp.a */,
			);
			path = macosx;
			sourceTree = "<group>";
		};
		58BF5D861E2C9E9600AF7E85 = {
			isa = PBXGroup;
			children = (
				58BF5D921E2C9E9600AF7E85 /* ShamirSecretSharing */,
				58BF5D9D1E2C9E9600AF7E85 /* ShamirSecretSharingTests */,
				58BF5D911E2C9E9600AF7E85 /* Products */,
			);
			sourceTree = "<group>";
		};
		58BF5D911E2C9E9600AF7E85 /* Products */ = {
			isa = PBXGroup;
			children = (
				58BF5D901E2C9E9600AF7E85 /* ShamirSecretSharing.framework */,
				58BF5D991E2C9E9600AF7E85 /* ShamirSecretSharingTests.xctest */,
			);
			name = Products;
			sourceTree = "<group>";
		};
		58BF5D921E2C9E9600AF7E85 /* ShamirSecretSharing */ = {
			isa = PBXGroup;
			children = (
				58BF5D931E2C9E9600AF7E85 /* ShamirSecretSharing.h */,
				58BF5D941E2C9E9600AF7E85 /* Info.plist */,
				58872AE71E2F088500FABEF2 /* Extensions.swift */,
				58BF7D7D1E2CDB8600AF7E85 /* ShamirSecretSharing.swift */,
				58872AC81E2F055200FABEF2 /* CSSSS */,
			);
			path = ShamirSecretSharing;
			sourceTree = "<group>";
		};
		58BF5D9D1E2C9E9600AF7E85 /* ShamirSecretSharingTests */ = {
			isa = PBXGroup;
			children = (
				58BF5D9E1E2C9E9600AF7E85 /* ShamirSecretSharingTests.swift */,
				58BF5DA01E2C9E9600AF7E85 /* Info.plist */,
			);
			path = ShamirSecretSharingTests;
			sourceTree = "<group>";
		};
/* End PBXGroup section */

/* Begin PBXHeadersBuildPhase section */
		58BF5D8D1E2C9E9600AF7E85 /* Headers */ = {
			isa = PBXHeadersBuildPhase;
			buildActionMask = 2147483647;
			files = (
				582369A71E305BC40039E26D /* shamir.h in Headers */,
				58872ADA1E2F055200FABEF2 /* gmp-iPhoneOS.h in Headers */,
				58BF5DA11E2C9E9600AF7E85 /* ShamirSecretSharing.h in Headers */,
				58872ADD1E2F055200FABEF2 /* gmp.h in Headers */,
				58872ADB1E2F055200FABEF2 /* gmp-iPhoneSimulator.h in Headers */,
				58872ADC1E2F055200FABEF2 /* gmp-MacOSX.h in Headers */,
			);
			runOnlyForDeploymentPostprocessing = 0;
		};
/* End PBXHeadersBuildPhase section */

/* Begin PBXNativeTarget section */
		58BF5D8F1E2C9E9600AF7E85 /* ShamirSecretSharing */ = {
			isa = PBXNativeTarget;
			buildConfigurationList = 58BF5DA41E2C9E9600AF7E85 /* Build configuration list for PBXNativeTarget "ShamirSecretSharing" */;
			buildPhases = (
				58BF5D8B1E2C9E9600AF7E85 /* Sources */,
				58BF5D8C1E2C9E9600AF7E85 /* Frameworks */,
				58BF5D8D1E2C9E9600AF7E85 /* Headers */,
				58BF5D8E1E2C9E9600AF7E85 /* Resources */,
			);
			buildRules = (
			);
			dependencies = (
			);
			name = ShamirSecretSharing;
			productName = ShamirSecretSharing;
			productReference = 58BF5D901E2C9E9600AF7E85 /* ShamirSecretSharing.framework */;
			productType = "com.apple.product-type.framework";
		};
		58BF5D981E2C9E9600AF7E85 /* ShamirSecretSharingTests */ = {
			isa = PBXNativeTarget;
			buildConfigurationList = 58BF5DA71E2C9E9600AF7E85 /* Build configuration list for PBXNativeTarget "ShamirSecretSharingTests" */;
			buildPhases = (
				58BF5D951E2C9E9600AF7E85 /* Sources */,
				58BF5D961E2C9E9600AF7E85 /* Frameworks */,
				58BF5D971E2C9E9600AF7E85 /* Resources */,
			);
			buildRules = (
			);
			dependencies = (
				58BF5D9C1E2C9E9600AF7E85 /* PBXTargetDependency */,
			);
			name = ShamirSecretSharingTests;
			productName = ShamirSecretSharingTests;
			productReference = 58BF5D991E2C9E9600AF7E85 /* ShamirSecretSharingTests.xctest */;
			productType = "com.apple.product-type.bundle.unit-test";
		};
/* End PBXNativeTarget section */

/* Begin PBXProject section */
		58BF5D871E2C9E9600AF7E85 /* Project object */ = {
			isa = PBXProject;
			attributes = {
				LastSwiftUpdateCheck = 0820;
				LastUpgradeCheck = 0820;
				ORGANIZATIONNAME = Bitmark;
				TargetAttributes = {
					58BF5D8F1E2C9E9600AF7E85 = {
						CreatedOnToolsVersion = 8.2;
						LastSwiftMigration = 0820;
						ProvisioningStyle = Automatic;
					};
					58BF5D981E2C9E9600AF7E85 = {
						CreatedOnToolsVersion = 8.2;
						ProvisioningStyle = Automatic;
					};
				};
			};
			buildConfigurationList = 58BF5D8A1E2C9E9600AF7E85 /* Build configuration list for PBXProject "ShamirSecretSharing" */;
			compatibilityVersion = "Xcode 3.2";
			developmentRegion = English;
			hasScannedForEncodings = 0;
			knownRegions = (
				en,
			);
			mainGroup = 58BF5D861E2C9E9600AF7E85;
			productRefGroup = 58BF5D911E2C9E9600AF7E85 /* Products */;
			projectDirPath = "";
			projectRoot = "";
			targets = (
				58BF5D8F1E2C9E9600AF7E85 /* ShamirSecretSharing */,
				58BF5D981E2C9E9600AF7E85 /* ShamirSecretSharingTests */,
			);
		};
/* End PBXProject section */

/* Begin PBXResourcesBuildPhase section */
		58BF5D8E1E2C9E9600AF7E85 /* Resources */ = {
			isa = PBXResourcesBuildPhase;
			buildActionMask = 2147483647;
			files = (
			);
			runOnlyForDeploymentPostprocessing = 0;
		};
		58BF5D971E2C9E9600AF7E85 /* Resources */ = {
			isa = PBXResourcesBuildPhase;
			buildActionMask = 2147483647;
			files = (
			);
			runOnlyForDeploymentPostprocessing = 0;
		};
/* End PBXResourcesBuildPhase section */

/* Begin PBXSourcesBuildPhase section */
		58BF5D8B1E2C9E9600AF7E85 /* Sources */ = {
			isa = PBXSourcesBuildPhase;
			buildActionMask = 2147483647;
			files = (
				58BF7D7E1E2CDB8600AF7E85 /* ShamirSecretSharing.swift in Sources */,
				58872AE81E2F088500FABEF2 /* Extensions.swift in Sources */,
				582369A61E305BC40039E26D /* shamir.c in Sources */,
			);
			runOnlyForDeploymentPostprocessing = 0;
		};
		58BF5D951E2C9E9600AF7E85 /* Sources */ = {
			isa = PBXSourcesBuildPhase;
			buildActionMask = 2147483647;
			files = (
				58BF5D9F1E2C9E9600AF7E85 /* ShamirSecretSharingTests.swift in Sources */,
			);
			runOnlyForDeploymentPostprocessing = 0;
		};
/* End PBXSourcesBuildPhase section */

/* Begin PBXTargetDependency section */
		58BF5D9C1E2C9E9600AF7E85 /* PBXTargetDependency */ = {
			isa = PBXTargetDependency;
			target = 58BF5D8F1E2C9E9600AF7E85 /* ShamirSecretSharing */;
			targetProxy = 58BF5D9B1E2C9E9600AF7E85 /* PBXContainerItemProxy */;
		};
/* End PBXTargetDependency section */

/* Begin XCBuildConfiguration section */
		58BF5DA21E2C9E9600AF7E85 /* Debug */ = {
			isa = XCBuildConfiguration;
			buildSettings = {
				ALWAYS_SEARCH_USER_PATHS = NO;
				CLANG_ANALYZER_NONNULL = YES;
				CLANG_CXX_LANGUAGE_STANDARD = "gnu++0x";
				CLANG_CXX_LIBRARY = "libc++";
				CLANG_ENABLE_MODULES = YES;
				CLANG_ENABLE_OBJC_ARC = YES;
				CLANG_WARN_BOOL_CONVERSION = YES;
				CLANG_WARN_CONSTANT_CONVERSION = YES;
				CLANG_WARN_DIRECT_OBJC_ISA_USAGE = YES_ERROR;
				CLANG_WARN_DOCUMENTATION_COMMENTS = YES;
				CLANG_WARN_EMPTY_BODY = YES;
				CLANG_WARN_ENUM_CONVERSION = YES;
				CLANG_WARN_INFINITE_RECURSION = YES;
				CLANG_WARN_INT_CONVERSION = YES;
				CLANG_WARN_OBJC_ROOT_CLASS = YES_ERROR;
				CLANG_WARN_SUSPICIOUS_MOVE = YES;
				CLANG_WARN_UNREACHABLE_CODE = YES;
				CLANG_WARN__DUPLICATE_METHOD_MATCH = YES;
				"CODE_SIGN_IDENTITY[sdk=iphoneos*]" = "iPhone Developer";
				COPY_PHASE_STRIP = NO;
				CURRENT_PROJECT_VERSION = 1;
				DEBUG_INFORMATION_FORMAT = dwarf;
				ENABLE_STRICT_OBJC_MSGSEND = YES;
				ENABLE_TESTABILITY = YES;
				GCC_C_LANGUAGE_STANDARD = gnu99;
				GCC_DYNAMIC_NO_PIC = NO;
				GCC_NO_COMMON_BLOCKS = YES;
				GCC_OPTIMIZATION_LEVEL = 0;
				GCC_PREPROCESSOR_DEFINITIONS = (
					"DEBUG=1",
					"$(inherited)",
				);
				GCC_WARN_64_TO_32_BIT_CONVERSION = YES;
				GCC_WARN_ABOUT_RETURN_TYPE = YES_ERROR;
				GCC_WARN_UNDECLARED_SELECTOR = YES;
				GCC_WARN_UNINITIALIZED_AUTOS = YES_AGGRESSIVE;
				GCC_WARN_UNUSED_FUNCTION = YES;
				GCC_WARN_UNUSED_VARIABLE = YES;
				IPHONEOS_DEPLOYMENT_TARGET = 10.2;
				MTL_ENABLE_DEBUG_INFO = YES;
				ONLY_ACTIVE_ARCH = YES;
				SDKROOT = iphoneos;
				SWIFT_ACTIVE_COMPILATION_CONDITIONS = DEBUG;
				SWIFT_INCLUDE_PATHS = "$(SRCROOT)/ShamirSecretSharing/CSSSS";
				SWIFT_OPTIMIZATION_LEVEL = "-Onone";
				TARGETED_DEVICE_FAMILY = "1,2";
				VERSIONING_SYSTEM = "apple-generic";
				VERSION_INFO_PREFIX = "";
			};
			name = Debug;
		};
		58BF5DA31E2C9E9600AF7E85 /* Release */ = {
			isa = XCBuildConfiguration;
			buildSettings = {
				ALWAYS_SEARCH_USER_PATHS = NO;
				CLANG_ANALYZER_NONNULL = YES;
				CLANG_CXX_LANGUAGE_STANDARD = "gnu++0x";
				CLANG_CXX_LIBRARY = "libc++";
				CLANG_ENABLE_MODULES = YES;
				CLANG_ENABLE_OBJC_ARC = YES;
				CLANG_WARN_BOOL_CONVERSION = YES;
				CLANG_WARN_CONSTANT_CONVERSION = YES;
				CLANG_WARN_DIRECT_OBJC_ISA_USAGE = YES_ERROR;
				CLANG_WARN_DOCUMENTATION_COMMENTS = YES;
				CLANG_WARN_EMPTY_BODY = YES;
				CLANG_WARN_ENUM_CONVERSION = YES;
				CLANG_WARN_INFINITE_RECURSION = YES;
				CLANG_WARN_INT_CONVERSION = YES;
				CLANG_WARN_OBJC_ROOT_CLASS = YES_ERROR;
				CLANG_WARN_SUSPICIOUS_MOVE = YES;
				CLANG_WARN_UNREACHABLE_CODE = YES;
				CLANG_WARN__DUPLICATE_METHOD_MATCH = YES;
				"CODE_SIGN_IDENTITY[sdk=iphoneos*]" = "iPhone Developer";
				COPY_PHASE_STRIP = NO;
				CURRENT_PROJECT_VERSION = 1;
				DEBUG_INFORMATION_FORMAT = "dwarf-with-dsym";
				ENABLE_NS_ASSERTIONS = NO;
				ENABLE_STRICT_OBJC_MSGSEND = YES;
				GCC_C_LANGUAGE_STANDARD = gnu99;
				GCC_NO_COMMON_BLOCKS = YES;
				GCC_WARN_64_TO_32_BIT_CONVERSION = YES;
				GCC_WARN_ABOUT_RETURN_TYPE = YES_ERROR;
				GCC_WARN_UNDECLARED_SELECTOR = YES;
				GCC_WARN_UNINITIALIZED_AUTOS = YES_AGGRESSIVE;
				GCC_WARN_UNUSED_FUNCTION = YES;
				GCC_WARN_UNUSED_VARIABLE = YES;
				IPHONEOS_DEPLOYMENT_TARGET = 10.2;
				MTL_ENABLE_DEBUG_INFO = NO;
				SDKROOT = iphoneos;
				SWIFT_INCLUDE_PATHS = "$(SRCROOT)/ShamirSecretSharing/CSSSS";
				SWIFT_OPTIMIZATION_LEVEL = "-Owholemodule";
				TARGETED_DEVICE_FAMILY = "1,2";
				VALIDATE_PRODUCT = YES;
				VERSIONING_SYSTEM = "apple-generic";
				VERSION_INFO_PREFIX = "";
			};
			name = Release;
		};
		58BF5DA51E2C9E9600AF7E85 /* Debug */ = {
			isa = XCBuildConfiguration;
			buildSettings = {
				CLANG_ENABLE_MODULES = YES;
				CODE_SIGN_IDENTITY = "";
				DEFINES_MODULE = YES;
				DYLIB_COMPATIBILITY_VERSION = 1;
				DYLIB_CURRENT_VERSION = 1;
				DYLIB_INSTALL_NAME_BASE = "@rpath";
				INFOPLIST_FILE = ShamirSecretSharing/Info.plist;
				INSTALL_PATH = "$(LOCAL_LIBRARY_DIR)/Frameworks";
				LD_RUNPATH_SEARCH_PATHS = "$(inherited) @executable_path/Frameworks @loader_path/Frameworks";
				LIBRARY_SEARCH_PATHS = (
					"$(inherited)",
					"$(PROJECT_DIR)/ShamirSecretSharing/CSSSS/GMPLib/iphoneos",
					"$(PROJECT_DIR)/ShamirSecretSharing/CSSSS/GMPLib/iphonesimulator",
					"$(PROJECT_DIR)/ShamirSecretSharing/CSSSS/GMPLib/macosx",
				);
				PRODUCT_BUNDLE_IDENTIFIER = com.bitmark.ShamirSecretSharing;
				PRODUCT_NAME = "$(TARGET_NAME)";
				SKIP_INSTALL = YES;
				SWIFT_OPTIMIZATION_LEVEL = "-Onone";
				SWIFT_VERSION = 3.0;
			};
			name = Debug;
		};
		58BF5DA61E2C9E9600AF7E85 /* Release */ = {
			isa = XCBuildConfiguration;
			buildSettings = {
				CLANG_ENABLE_MODULES = YES;
				CODE_SIGN_IDENTITY = "";
				DEFINES_MODULE = YES;
				DYLIB_COMPATIBILITY_VERSION = 1;
				DYLIB_CURRENT_VERSION = 1;
				DYLIB_INSTALL_NAME_BASE = "@rpath";
				INFOPLIST_FILE = ShamirSecretSharing/Info.plist;
				INSTALL_PATH = "$(LOCAL_LIBRARY_DIR)/Frameworks";
				LD_RUNPATH_SEARCH_PATHS = "$(inherited) @executable_path/Frameworks @loader_path/Frameworks";
				LIBRARY_SEARCH_PATHS = (
					"$(inherited)",
					"$(PROJECT_DIR)/ShamirSecretSharing/CSSSS/GMPLib/iphoneos",
					"$(PROJECT_DIR)/ShamirSecretSharing/CSSSS/GMPLib/iphonesimulator",
					"$(PROJECT_DIR)/ShamirSecretSharing/CSSSS/GMPLib/macosx",
				);
				PRODUCT_BUNDLE_IDENTIFIER = com.bitmark.ShamirSecretSharing;
				PRODUCT_NAME = "$(TARGET_NAME)";
				SKIP_INSTALL = YES;
				SWIFT_VERSION = 3.0;
			};
			name = Release;
		};
		58BF5DA81E2C9E9600AF7E85 /* Debug */ = {
			isa = XCBuildConfiguration;
			buildSettings = {
				ALWAYS_EMBED_SWIFT_STANDARD_LIBRARIES = YES;
				INFOPLIST_FILE = ShamirSecretSharingTests/Info.plist;
				LD_RUNPATH_SEARCH_PATHS = "$(inherited) @executable_path/Frameworks @loader_path/Frameworks";
				PRODUCT_BUNDLE_IDENTIFIER = com.bitmark.ShamirSecretSharingTests;
				PRODUCT_NAME = "$(TARGET_NAME)";
				SWIFT_VERSION = 3.0;
			};
			name = Debug;
		};
		58BF5DA91E2C9E9600AF7E85 /* Release */ = {
			isa = XCBuildConfiguration;
			buildSettings = {
				ALWAYS_EMBED_SWIFT_STANDARD_LIBRARIES = YES;
				INFOPLIST_FILE = ShamirSecretSharingTests/Info.plist;
				LD_RUNPATH_SEARCH_PATHS = "$(inherited) @executable_path/Frameworks @loader_path/Frameworks";
				PRODUCT_BUNDLE_IDENTIFIER = com.bitmark.ShamirSecretSharingTests;
				PRODUCT_NAME = "$(TARGET_NAME)";
				SWIFT_VERSION = 3.0;
			};
			name = Release;
		};
/* End XCBuildConfiguration section */

/* Begin XCConfigurationList section */
		58BF5D8A1E2C9E9600AF7E85 /* Build configuration list for PBXProject "ShamirSecretSharing" */ = {
			isa = XCConfigurationList;
			buildConfigurations = (
				58BF5DA21E2C9E9600AF7E85 /* Debug */,
				58BF5DA31E2C9E9600AF7E85 /* Release */,
			);
			defaultConfigurationIsVisible = 0;
			defaultConfigurationName = Release;
		};
		58BF5DA41E2C9E9600AF7E85 /* Build configuration list for PBXNativeTarget "ShamirSecretSharing" */ = {
			isa = XCConfigurationList;
			buildConfigurations = (
				58BF5DA51E2C9E9600AF7E85 /* Debug */,
				58BF5DA61E2C9E9600AF7E85 /* Release */,
			);
			defaultConfigurationIsVisible = 0;
			defaultConfigurationName = Release;
		};
		58BF5DA71E2C9E9600AF7E85 /* Build configuration list for PBXNativeTarget "ShamirSecretSharingTests" */ = {
			isa = XCConfigurationList;
			buildConfigurations = (
				58BF5DA81E2C9E9600AF7E85 /* Debug */,
				58BF5DA91E2C9E9600AF7E85 /* Release */,
			);
			defaultConfigurationIsVisible = 0;
			defaultConfigurationName = Release;
		};
/* End XCConfigurationList section */
	};
	rootObject = 58BF5D871E2C9E9600AF7E85 /* Project object */;
}
